
Microsoft Visual Studio Solution File, Format Version 12.00
# Visual Studio 14
VisualStudioVersion = 14.0.25123.0
MinimumVisualStudioVersion = 10.0.40219.1
Project("{AF213454-1599-42DC-9B88-21535FD403B5}") = "Sitecore.Support.120791", "Sitecore.Support.120791\Sitecore.Support.120791.csproj", "{87573DF3-A24D-4090-B8D5-0A5E10096100}"
EndProject
Global
	GlobalSection(SolutionConfigurationPlatforms) = preSolution
		Debug|Any CPU = Debug|Any CPU
		Release|Any CPU = Release|Any CPU
	EndGlobalSection
	GlobalSection(ProjectConfigurationPlatforms) = postSolution
		{87573DF3-A24D-4090-B8D5-0A5E10096100}.Debug|Any CPU.ActiveCfg = Debug|Any CPU
		{87573DF3-A24D-4090-B8D5-0A5E10096100}.Debug|Any CPU.Build.0 = Debug|Any CPU
		{87573DF3-A24D-4090-B8D5-0A5E10096100}.Release|Any CPU.ActiveCfg = Release|Any CPU
		{87573DF3-A24D-4090-B8D5-0A5E10096100}.Release|Any CPU.Build.0 = Release|Any CPU
	EndGlobalSection
	GlobalSection(SolutionProperties) = preSolution
		HideSolutionNode = FALSE
	EndGlobalSection
EndGlobal
